// !$*UTF8*$!
{
	archiveVersion = 1;
	classes = {
	};
	objectVersion = 56;
	objects = {

/* Begin PBXBuildFile section */
		8B2358902D0D4857003544B8 /* Palindrome.swift in Sources */ = {isa = PBXBuildFile; fileRef = 8B23588F2D0D4857003544B8 /* Palindrome.swift */; };
		8B2358922D0D4C62003544B8 /* BasketBall.swift in Sources */ = {isa = PBXBuildFile; fileRef = 8B2358912D0D4C62003544B8 /* BasketBall.swift */; };
		8B2358942D0D5730003544B8 /* ROT13.swift in Sources */ = {isa = PBXBuildFile; fileRef = 8B2358932D0D5730003544B8 /* ROT13.swift */; };
		8B2358972D0E69BF003544B8 /* MissKorea.swift in Sources */ = {isa = PBXBuildFile; fileRef = 8B2358962D0E69BF003544B8 /* MissKorea.swift */; };
		8B2358992D0E716E003544B8 /* Temperature.swift in Sources */ = {isa = PBXBuildFile; fileRef = 8B2358982D0E716E003544B8 /* Temperature.swift */; };
		8B23589B2D0F26D6003544B8 /* Pocketmon.swift in Sources */ = {isa = PBXBuildFile; fileRef = 8B23589A2D0F26D6003544B8 /* Pocketmon.swift */; };
		8B23589E2D0FE903003544B8 /* FashionKing.swift in Sources */ = {isa = PBXBuildFile; fileRef = 8B23589D2D0FE903003544B8 /* FashionKing.swift */; };
		8B2358A02D0FF992003544B8 /* SumOfNumbers.swift in Sources */ = {isa = PBXBuildFile; fileRef = 8B23589F2D0FF992003544B8 /* SumOfNumbers.swift */; };
		8B2358A22D100007003544B8 /* Work.swift in Sources */ = {isa = PBXBuildFile; fileRef = 8B2358A12D100007003544B8 /* Work.swift */; };
		8B3100582D12573E00D2FA8B /* CalculateChange.swift in Sources */ = {isa = PBXBuildFile; fileRef = 8B3100572D12573E00D2FA8B /* CalculateChange.swift */; };
		8B31005A2D12596E00D2FA8B /* SumOfArray.swift in Sources */ = {isa = PBXBuildFile; fileRef = 8B3100592D12596E00D2FA8B /* SumOfArray.swift */; };
		8B31005C2D1261AB00D2FA8B /* FindNum.swift in Sources */ = {isa = PBXBuildFile; fileRef = 8B31005B2D1261AB00D2FA8B /* FindNum.swift */; };
		8B5D79712D1A482800DBC36A /* NewPerson.swift in Sources */ = {isa = PBXBuildFile; fileRef = 8B5D79702D1A482800DBC36A /* NewPerson.swift */; };
		8B5D798A2D1EB7CF00DBC36A /* fashionGhin.swift in Sources */ = {isa = PBXBuildFile; fileRef = 8B5D79892D1EB7CF00DBC36A /* fashionGhin.swift */; };
		8B5D798C2D1EC5AE00DBC36A /* makePall.swift in Sources */ = {isa = PBXBuildFile; fileRef = 8B5D798B2D1EC5AE00DBC36A /* makePall.swift */; };
		8B5D798E2D1ECADC00DBC36A /* threejumong.swift in Sources */ = {isa = PBXBuildFile; fileRef = 8B5D798D2D1ECADC00DBC36A /* threejumong.swift */; };
		8B5D79912D1FD58B00DBC36A /* goodword.swift in Sources */ = {isa = PBXBuildFile; fileRef = 8B5D79902D1FD58B00DBC36A /* goodword.swift */; };
		8B5D79932D1FF61600DBC36A /* Multiplication.swift in Sources */ = {isa = PBXBuildFile; fileRef = 8B5D79922D1FF61600DBC36A /* Multiplication.swift */; };
		8B5D79B52D20E29600DBC36A /* findOne.swift in Sources */ = {isa = PBXBuildFile; fileRef = 8B5D79B42D20E29600DBC36A /* findOne.swift */; };
		8B5D79B82D22199700DBC36A /* QUEUE.swift in Sources */ = {isa = PBXBuildFile; fileRef = 8B5D79B72D22199700DBC36A /* QUEUE.swift */; };
		8B5D79BA2D221B4B00DBC36A /* Stack.swift in Sources */ = {isa = PBXBuildFile; fileRef = 8B5D79B92D221B4B00DBC36A /* Stack.swift */; };
		8B817B492D1130B10073B826 /* SumOfNumberss.swift in Sources */ = {isa = PBXBuildFile; fileRef = 8B817B482D1130B10073B826 /* SumOfNumberss.swift */; };
		8B9222172D0BF5CA0035D1E7 /* main.swift in Sources */ = {isa = PBXBuildFile; fileRef = 8B9222162D0BF5CA0035D1E7 /* main.swift */; };
		8B92221F2D0D40690035D1E7 /* FindFakeDwarf.swift in Sources */ = {isa = PBXBuildFile; fileRef = 8B92221E2D0D40690035D1E7 /* FindFakeDwarf.swift */; };
		8B9222212D0D40FB0035D1E7 /* AlphabetCount.swift in Sources */ = {isa = PBXBuildFile; fileRef = 8B9222202D0D40FB0035D1E7 /* AlphabetCount.swift */; };
		8B9222232D0D41AB0035D1E7 /* TruckParking.swift in Sources */ = {isa = PBXBuildFile; fileRef = 8B9222222D0D41AB0035D1E7 /* TruckParking.swift */; };
		8BAEE2432D159971001D4AED /* Oil.swift in Sources */ = {isa = PBXBuildFile; fileRef = 8BAEE2422D159971001D4AED /* Oil.swift */; };
		8BAEE2462D16E017001D4AED /* Jumong.swift in Sources */ = {isa = PBXBuildFile; fileRef = 8BAEE2452D16E017001D4AED /* Jumong.swift */; };
		8BBBE8902D16EBD1002AA2BD /* acculatedSum.swift in Sources */ = {isa = PBXBuildFile; fileRef = 8BBBE88F2D16EBD1002AA2BD /* acculatedSum.swift */; };
/* End PBXBuildFile section */

/* Begin PBXCopyFilesBuildPhase section */
		8B9222112D0BF5CA0035D1E7 /* CopyFiles */ = {
			isa = PBXCopyFilesBuildPhase;
			buildActionMask = 2147483647;
			dstPath = /usr/share/man/man1/;
			dstSubfolderSpec = 0;
			files = (
			);
			runOnlyForDeploymentPostprocessing = 1;
		};
/* End PBXCopyFilesBuildPhase section */

/* Begin PBXFileReference section */
		8B23588F2D0D4857003544B8 /* Palindrome.swift */ = {isa = PBXFileReference; lastKnownFileType = sourcecode.swift; path = Palindrome.swift; sourceTree = "<group>"; };
		8B2358912D0D4C62003544B8 /* BasketBall.swift */ = {isa = PBXFileReference; lastKnownFileType = sourcecode.swift; path = BasketBall.swift; sourceTree = "<group>"; };
		8B2358932D0D5730003544B8 /* ROT13.swift */ = {isa = PBXFileReference; lastKnownFileType = sourcecode.swift; path = ROT13.swift; sourceTree = "<group>"; };
		8B2358962D0E69BF003544B8 /* MissKorea.swift */ = {isa = PBXFileReference; lastKnownFileType = sourcecode.swift; path = MissKorea.swift; sourceTree = "<group>"; };
		8B2358982D0E716E003544B8 /* Temperature.swift */ = {isa = PBXFileReference; lastKnownFileType = sourcecode.swift; path = Temperature.swift; sourceTree = "<group>"; };
		8B23589A2D0F26D6003544B8 /* Pocketmon.swift */ = {isa = PBXFileReference; lastKnownFileType = sourcecode.swift; path = Pocketmon.swift; sourceTree = "<group>"; };
		8B23589D2D0FE903003544B8 /* FashionKing.swift */ = {isa = PBXFileReference; lastKnownFileType = sourcecode.swift; path = FashionKing.swift; sourceTree = "<group>"; };
		8B23589F2D0FF992003544B8 /* SumOfNumbers.swift */ = {isa = PBXFileReference; lastKnownFileType = sourcecode.swift; path = SumOfNumbers.swift; sourceTree = "<group>"; };
		8B2358A12D100007003544B8 /* Work.swift */ = {isa = PBXFileReference; lastKnownFileType = sourcecode.swift; path = Work.swift; sourceTree = "<group>"; };
		8B3100572D12573E00D2FA8B /* CalculateChange.swift */ = {isa = PBXFileReference; lastKnownFileType = sourcecode.swift; path = CalculateChange.swift; sourceTree = "<group>"; };
		8B3100592D12596E00D2FA8B /* SumOfArray.swift */ = {isa = PBXFileReference; lastKnownFileType = sourcecode.swift; path = SumOfArray.swift; sourceTree = "<group>"; };
		8B31005B2D1261AB00D2FA8B /* FindNum.swift */ = {isa = PBXFileReference; lastKnownFileType = sourcecode.swift; path = FindNum.swift; sourceTree = "<group>"; };
		8B5D79702D1A482800DBC36A /* NewPerson.swift */ = {isa = PBXFileReference; lastKnownFileType = sourcecode.swift; path = NewPerson.swift; sourceTree = "<group>"; };
		8B5D79892D1EB7CF00DBC36A /* fashionGhin.swift */ = {isa = PBXFileReference; lastKnownFileType = sourcecode.swift; path = fashionGhin.swift; sourceTree = "<group>"; };
		8B5D798B2D1EC5AE00DBC36A /* makePall.swift */ = {isa = PBXFileReference; lastKnownFileType = sourcecode.swift; path = makePall.swift; sourceTree = "<group>"; };
		8B5D798D2D1ECADC00DBC36A /* threejumong.swift */ = {isa = PBXFileReference; lastKnownFileType = sourcecode.swift; path = threejumong.swift; sourceTree = "<group>"; };
		8B5D79902D1FD58B00DBC36A /* goodword.swift */ = {isa = PBXFileReference; lastKnownFileType = sourcecode.swift; path = goodword.swift; sourceTree = "<group>"; };
		8B5D79922D1FF61600DBC36A /* Multiplication.swift */ = {isa = PBXFileReference; lastKnownFileType = sourcecode.swift; path = Multiplication.swift; sourceTree = "<group>"; };
		8B5D79B42D20E29600DBC36A /* findOne.swift */ = {isa = PBXFileReference; lastKnownFileType = sourcecode.swift; path = findOne.swift; sourceTree = "<group>"; };
		8B5D79B72D22199700DBC36A /* QUEUE.swift */ = {isa = PBXFileReference; lastKnownFileType = sourcecode.swift; path = QUEUE.swift; sourceTree = "<group>"; };
		8B5D79B92D221B4B00DBC36A /* Stack.swift */ = {isa = PBXFileReference; lastKnownFileType = sourcecode.swift; path = Stack.swift; sourceTree = "<group>"; };
		8B817B482D1130B10073B826 /* SumOfNumberss.swift */ = {isa = PBXFileReference; lastKnownFileType = sourcecode.swift; path = SumOfNumberss.swift; sourceTree = "<group>"; };
		8B9222132D0BF5CA0035D1E7 /* Study */ = {isa = PBXFileReference; explicitFileType = "compiled.mach-o.executable"; includeInIndex = 0; path = Study; sourceTree = BUILT_PRODUCTS_DIR; };
		8B9222162D0BF5CA0035D1E7 /* main.swift */ = {isa = PBXFileReference; lastKnownFileType = sourcecode.swift; path = main.swift; sourceTree = "<group>"; };
		8B92221E2D0D40690035D1E7 /* FindFakeDwarf.swift */ = {isa = PBXFileReference; lastKnownFileType = sourcecode.swift; path = FindFakeDwarf.swift; sourceTree = "<group>"; };
		8B9222202D0D40FB0035D1E7 /* AlphabetCount.swift */ = {isa = PBXFileReference; lastKnownFileType = sourcecode.swift; path = AlphabetCount.swift; sourceTree = "<group>"; };
		8B9222222D0D41AB0035D1E7 /* TruckParking.swift */ = {isa = PBXFileReference; lastKnownFileType = sourcecode.swift; path = TruckParking.swift; sourceTree = "<group>"; };
		8BAEE2422D159971001D4AED /* Oil.swift */ = {isa = PBXFileReference; lastKnownFileType = sourcecode.swift; path = Oil.swift; sourceTree = "<group>"; };
		8BAEE2452D16E017001D4AED /* Jumong.swift */ = {isa = PBXFileReference; lastKnownFileType = sourcecode.swift; path = Jumong.swift; sourceTree = "<group>"; };
		8BBBE88F2D16EBD1002AA2BD /* acculatedSum.swift */ = {isa = PBXFileReference; lastKnownFileType = sourcecode.swift; path = acculatedSum.swift; sourceTree = "<group>"; };
/* End PBXFileReference section */

/* Begin PBXFrameworksBuildPhase section */
		8B9222102D0BF5CA0035D1E7 /* Frameworks */ = {
			isa = PBXFrameworksBuildPhase;
			buildActionMask = 2147483647;
			files = (
			);
			runOnlyForDeploymentPostprocessing = 0;
		};
/* End PBXFrameworksBuildPhase section */

/* Begin PBXGroup section */
		8B23588E2D0D481A003544B8 /* Day2 */ = {
			isa = PBXGroup;
			children = (
				8B23588F2D0D4857003544B8 /* Palindrome.swift */,
				8B2358912D0D4C62003544B8 /* BasketBall.swift */,
				8B2358932D0D5730003544B8 /* ROT13.swift */,
			);
			path = Day2;
			sourceTree = "<group>";
		};
		8B2358952D0E69AE003544B8 /* Day3 */ = {
			isa = PBXGroup;
			children = (
				8B2358962D0E69BF003544B8 /* MissKorea.swift */,
				8B2358982D0E716E003544B8 /* Temperature.swift */,
				8B23589A2D0F26D6003544B8 /* Pocketmon.swift */,
			);
			path = Day3;
			sourceTree = "<group>";
		};
		8B23589C2D0FE8E0003544B8 /* Day4 */ = {
			isa = PBXGroup;
			children = (
				8B23589D2D0FE903003544B8 /* FashionKing.swift */,
				8B23589F2D0FF992003544B8 /* SumOfNumbers.swift */,
				8B2358A12D100007003544B8 /* Work.swift */,
			);
			path = Day4;
			sourceTree = "<group>";
		};
		8B3100562D12571000D2FA8B /* Day6 */ = {
			isa = PBXGroup;
			children = (
				8B3100572D12573E00D2FA8B /* CalculateChange.swift */,
				8B3100592D12596E00D2FA8B /* SumOfArray.swift */,
				8B31005B2D1261AB00D2FA8B /* FindNum.swift */,
			);
			path = Day6;
			sourceTree = "<group>";
		};
		8B5D796F2D1A480E00DBC36A /* Day9 */ = {
			isa = PBXGroup;
			children = (
				8B5D79702D1A482800DBC36A /* NewPerson.swift */,
			);
			path = Day9;
			sourceTree = "<group>";
		};
		8B5D79882D1EB7C100DBC36A /* Day10 */ = {
			isa = PBXGroup;
			children = (
				8B5D79892D1EB7CF00DBC36A /* fashionGhin.swift */,
				8B5D798B2D1EC5AE00DBC36A /* makePall.swift */,
				8B5D798D2D1ECADC00DBC36A /* threejumong.swift */,
			);
			path = Day10;
			sourceTree = "<group>";
		};
		8B5D798F2D1FD53100DBC36A /* Day11 */ = {
			isa = PBXGroup;
			children = (
				8B5D79902D1FD58B00DBC36A /* goodword.swift */,
				8B5D79922D1FF61600DBC36A /* Multiplication.swift */,
				8B5D79B42D20E29600DBC36A /* findOne.swift */,
			);
			path = Day11;
			sourceTree = "<group>";
		};
		8B5D79B62D22198800DBC36A /* Day12 */ = {
			isa = PBXGroup;
			children = (
				8B5D79B72D22199700DBC36A /* QUEUE.swift */,
				8B5D79B92D221B4B00DBC36A /* Stack.swift */,
			);
			path = Day12;
			sourceTree = "<group>";
		};
		8B817B472D1130820073B826 /* Day5 */ = {
			isa = PBXGroup;
			children = (
				8B817B482D1130B10073B826 /* SumOfNumberss.swift */,
			);
			path = Day5;
			sourceTree = "<group>";
		};
		8B92220A2D0BF5CA0035D1E7 = {
			isa = PBXGroup;
			children = (
				8B9222152D0BF5CA0035D1E7 /* Study */,
				8B9222142D0BF5CA0035D1E7 /* Products */,
			);
			sourceTree = "<group>";
		};
		8B9222142D0BF5CA0035D1E7 /* Products */ = {
			isa = PBXGroup;
			children = (
				8B9222132D0BF5CA0035D1E7 /* Study */,
			);
			name = Products;
			sourceTree = "<group>";
		};
		8B9222152D0BF5CA0035D1E7 /* Study */ = {
			isa = PBXGroup;
			children = (
				8BAEE2472D16EB8D001D4AED /* AccumulatedSum */,
				8B9222162D0BF5CA0035D1E7 /* main.swift */,
				8B92221D2D0D401D0035D1E7 /* Day1 */,
				8B23588E2D0D481A003544B8 /* Day2 */,
				8B2358952D0E69AE003544B8 /* Day3 */,
				8B23589C2D0FE8E0003544B8 /* Day4 */,
				8B817B472D1130820073B826 /* Day5 */,
				8B3100562D12571000D2FA8B /* Day6 */,
				8BAEE2412D159954001D4AED /* Day7 */,
				8BAEE2442D16E005001D4AED /* Day8 */,
				8B5D796F2D1A480E00DBC36A /* Day9 */,
				8B5D79882D1EB7C100DBC36A /* Day10 */,
				8B5D798F2D1FD53100DBC36A /* Day11 */,
				8B5D79B62D22198800DBC36A /* Day12 */,
			);
			path = Study;
			sourceTree = "<group>";
		};
		8B92221D2D0D401D0035D1E7 /* Day1 */ = {
			isa = PBXGroup;
			children = (
				8B92221E2D0D40690035D1E7 /* FindFakeDwarf.swift */,
				8B9222202D0D40FB0035D1E7 /* AlphabetCount.swift */,
				8B9222222D0D41AB0035D1E7 /* TruckParking.swift */,
			);
			path = Day1;
			sourceTree = "<group>";
		};
		8BAEE2412D159954001D4AED /* Day7 */ = {
			isa = PBXGroup;
			children = (
				8BAEE2422D159971001D4AED /* Oil.swift */,
			);
			path = Day7;
			sourceTree = "<group>";
		};
		8BAEE2442D16E005001D4AED /* Day8 */ = {
			isa = PBXGroup;
			children = (
				8BAEE2452D16E017001D4AED /* Jumong.swift */,
			);
			path = Day8;
			sourceTree = "<group>";
		};
		8BAEE2472D16EB8D001D4AED /* AccumulatedSum */ = {
			isa = PBXGroup;
			children = (
				8BBBE88F2D16EBD1002AA2BD /* acculatedSum.swift */,
			);
			path = AccumulatedSum;
			sourceTree = "<group>";
		};
/* End PBXGroup section */

/* Begin PBXNativeTarget section */
		8B9222122D0BF5CA0035D1E7 /* Study */ = {
			isa = PBXNativeTarget;
			buildConfigurationList = 8B92221A2D0BF5CA0035D1E7 /* Build configuration list for PBXNativeTarget "Study" */;
			buildPhases = (
				8B92220F2D0BF5CA0035D1E7 /* Sources */,
				8B9222102D0BF5CA0035D1E7 /* Frameworks */,
				8B9222112D0BF5CA0035D1E7 /* CopyFiles */,
			);
			buildRules = (
			);
			dependencies = (
			);
			name = Study;
			productName = Study;
			productReference = 8B9222132D0BF5CA0035D1E7 /* Study */;
			productType = "com.apple.product-type.tool";
		};
/* End PBXNativeTarget section */

/* Begin PBXProject section */
		8B92220B2D0BF5CA0035D1E7 /* Project object */ = {
			isa = PBXProject;
			attributes = {
				BuildIndependentTargetsInParallel = 1;
				LastSwiftUpdateCheck = 1530;
				LastUpgradeCheck = 1530;
				TargetAttributes = {
					8B9222122D0BF5CA0035D1E7 = {
						CreatedOnToolsVersion = 15.3;
					};
				};
			};
			buildConfigurationList = 8B92220E2D0BF5CA0035D1E7 /* Build configuration list for PBXProject "Study" */;
			compatibilityVersion = "Xcode 14.0";
			developmentRegion = en;
			hasScannedForEncodings = 0;
			knownRegions = (
				en,
				Base,
			);
			mainGroup = 8B92220A2D0BF5CA0035D1E7;
			productRefGroup = 8B9222142D0BF5CA0035D1E7 /* Products */;
			projectDirPath = "";
			projectRoot = "";
			targets = (
				8B9222122D0BF5CA0035D1E7 /* Study */,
			);
		};
/* End PBXProject section */

/* Begin PBXSourcesBuildPhase section */
		8B92220F2D0BF5CA0035D1E7 /* Sources */ = {
			isa = PBXSourcesBuildPhase;
			buildActionMask = 2147483647;
			files = (
				8B5D798C2D1EC5AE00DBC36A /* makePall.swift in Sources */,
				8B5D79932D1FF61600DBC36A /* Multiplication.swift in Sources */,
				8B3100582D12573E00D2FA8B /* CalculateChange.swift in Sources */,
				8B2358972D0E69BF003544B8 /* MissKorea.swift in Sources */,
				8B9222232D0D41AB0035D1E7 /* TruckParking.swift in Sources */,
				8B5D798E2D1ECADC00DBC36A /* threejumong.swift in Sources */,
				8B2358A22D100007003544B8 /* Work.swift in Sources */,
				8B31005A2D12596E00D2FA8B /* SumOfArray.swift in Sources */,
				8B31005C2D1261AB00D2FA8B /* FindNum.swift in Sources */,
				8B5D79912D1FD58B00DBC36A /* goodword.swift in Sources */,
				8B5D79B52D20E29600DBC36A /* findOne.swift in Sources */,
				8B5D79B82D22199700DBC36A /* QUEUE.swift in Sources */,
				8B2358992D0E716E003544B8 /* Temperature.swift in Sources */,
				8B2358A02D0FF992003544B8 /* SumOfNumbers.swift in Sources */,
				8BBBE8902D16EBD1002AA2BD /* acculatedSum.swift in Sources */,
				8B817B492D1130B10073B826 /* SumOfNumberss.swift in Sources */,
				8B2358902D0D4857003544B8 /* Palindrome.swift in Sources */,
				8BAEE2462D16E017001D4AED /* Jumong.swift in Sources */,
				8B2358922D0D4C62003544B8 /* BasketBall.swift in Sources */,
				8B9222172D0BF5CA0035D1E7 /* main.swift in Sources */,
				8B5D798A2D1EB7CF00DBC36A /* fashionGhin.swift in Sources */,
				8B9222212D0D40FB0035D1E7 /* AlphabetCount.swift in Sources */,
				8B5D79BA2D221B4B00DBC36A /* Stack.swift in Sources */,
				8B2358942D0D5730003544B8 /* ROT13.swift in Sources */,
				8BAEE2432D159971001D4AED /* Oil.swift in Sources */,
				8B23589B2D0F26D6003544B8 /* Pocketmon.swift in Sources */,
				8B92221F2D0D40690035D1E7 /* FindFakeDwarf.swift in Sources */,
				8B23589E2D0FE903003544B8 /* FashionKing.swift in Sources */,
				8B5D79712D1A482800DBC36A /* NewPerson.swift in Sources */,
			);
			runOnlyForDeploymentPostprocessing = 0;
		};
/* End PBXSourcesBuildPhase section */

/* Begin XCBuildConfiguration section */
		8B9222182D0BF5CA0035D1E7 /* Debug */ = {
			isa = XCBuildConfiguration;
			buildSettings = {
				ALWAYS_SEARCH_USER_PATHS = NO;
				ASSETCATALOG_COMPILER_GENERATE_SWIFT_ASSET_SYMBOL_EXTENSIONS = YES;
				CLANG_ANALYZER_NONNULL = YES;
				CLANG_ANALYZER_NUMBER_OBJECT_CONVERSION = YES_AGGRESSIVE;
				CLANG_CXX_LANGUAGE_STANDARD = "gnu++20";
				CLANG_ENABLE_MODULES = YES;
				CLANG_ENABLE_OBJC_ARC = YES;
				CLANG_ENABLE_OBJC_WEAK = YES;
				CLANG_WARN_BLOCK_CAPTURE_AUTORELEASING = YES;
				CLANG_WARN_BOOL_CONVERSION = YES;
				CLANG_WARN_COMMA = YES;
				CLANG_WARN_CONSTANT_CONVERSION = YES;
				CLANG_WARN_DEPRECATED_OBJC_IMPLEMENTATIONS = YES;
				CLANG_WARN_DIRECT_OBJC_ISA_USAGE = YES_ERROR;
				CLANG_WARN_DOCUMENTATION_COMMENTS = YES;
				CLANG_WARN_EMPTY_BODY = YES;
				CLANG_WARN_ENUM_CONVERSION = YES;
				CLANG_WARN_INFINITE_RECURSION = YES;
				CLANG_WARN_INT_CONVERSION = YES;
				CLANG_WARN_NON_LITERAL_NULL_CONVERSION = YES;
				CLANG_WARN_OBJC_IMPLICIT_RETAIN_SELF = YES;
				CLANG_WARN_OBJC_LITERAL_CONVERSION = YES;
				CLANG_WARN_OBJC_ROOT_CLASS = YES_ERROR;
				CLANG_WARN_QUOTED_INCLUDE_IN_FRAMEWORK_HEADER = YES;
				CLANG_WARN_RANGE_LOOP_ANALYSIS = YES;
				CLANG_WARN_STRICT_PROTOTYPES = YES;
				CLANG_WARN_SUSPICIOUS_MOVE = YES;
				CLANG_WARN_UNGUARDED_AVAILABILITY = YES_AGGRESSIVE;
				CLANG_WARN_UNREACHABLE_CODE = YES;
				CLANG_WARN__DUPLICATE_METHOD_MATCH = YES;
				COPY_PHASE_STRIP = NO;
				DEBUG_INFORMATION_FORMAT = dwarf;
				ENABLE_STRICT_OBJC_MSGSEND = YES;
				ENABLE_TESTABILITY = YES;
				ENABLE_USER_SCRIPT_SANDBOXING = YES;
				GCC_C_LANGUAGE_STANDARD = gnu17;
				GCC_DYNAMIC_NO_PIC = NO;
				GCC_NO_COMMON_BLOCKS = YES;
				GCC_OPTIMIZATION_LEVEL = 0;
				GCC_PREPROCESSOR_DEFINITIONS = (
					"DEBUG=1",
					"$(inherited)",
				);
				GCC_WARN_64_TO_32_BIT_CONVERSION = YES;
				GCC_WARN_ABOUT_RETURN_TYPE = YES_ERROR;
				GCC_WARN_UNDECLARED_SELECTOR = YES;
				GCC_WARN_UNINITIALIZED_AUTOS = YES_AGGRESSIVE;
				GCC_WARN_UNUSED_FUNCTION = YES;
				GCC_WARN_UNUSED_VARIABLE = YES;
				LOCALIZATION_PREFERS_STRING_CATALOGS = YES;
				MACOSX_DEPLOYMENT_TARGET = 14.4;
				MTL_ENABLE_DEBUG_INFO = INCLUDE_SOURCE;
				MTL_FAST_MATH = YES;
				ONLY_ACTIVE_ARCH = YES;
				SDKROOT = macosx;
				SWIFT_ACTIVE_COMPILATION_CONDITIONS = "DEBUG $(inherited)";
				SWIFT_OPTIMIZATION_LEVEL = "-Onone";
			};
			name = Debug;
		};
		8B9222192D0BF5CA0035D1E7 /* Release */ = {
			isa = XCBuildConfiguration;
			buildSettings = {
				ALWAYS_SEARCH_USER_PATHS = NO;
				ASSETCATALOG_COMPILER_GENERATE_SWIFT_ASSET_SYMBOL_EXTENSIONS = YES;
				CLANG_ANALYZER_NONNULL = YES;
				CLANG_ANALYZER_NUMBER_OBJECT_CONVERSION = YES_AGGRESSIVE;
				CLANG_CXX_LANGUAGE_STANDARD = "gnu++20";
				CLANG_ENABLE_MODULES = YES;
				CLANG_ENABLE_OBJC_ARC = YES;
				CLANG_ENABLE_OBJC_WEAK = YES;
				CLANG_WARN_BLOCK_CAPTURE_AUTORELEASING = YES;
				CLANG_WARN_BOOL_CONVERSION = YES;
				CLANG_WARN_COMMA = YES;
				CLANG_WARN_CONSTANT_CONVERSION = YES;
				CLANG_WARN_DEPRECATED_OBJC_IMPLEMENTATIONS = YES;
				CLANG_WARN_DIRECT_OBJC_ISA_USAGE = YES_ERROR;
				CLANG_WARN_DOCUMENTATION_COMMENTS = YES;
				CLANG_WARN_EMPTY_BODY = YES;
				CLANG_WARN_ENUM_CONVERSION = YES;
				CLANG_WARN_INFINITE_RECURSION = YES;
				CLANG_WARN_INT_CONVERSION = YES;
				CLANG_WARN_NON_LITERAL_NULL_CONVERSION = YES;
				CLANG_WARN_OBJC_IMPLICIT_RETAIN_SELF = YES;
				CLANG_WARN_OBJC_LITERAL_CONVERSION = YES;
				CLANG_WARN_OBJC_ROOT_CLASS = YES_ERROR;
				CLANG_WARN_QUOTED_INCLUDE_IN_FRAMEWORK_HEADER = YES;
				CLANG_WARN_RANGE_LOOP_ANALYSIS = YES;
				CLANG_WARN_STRICT_PROTOTYPES = YES;
				CLANG_WARN_SUSPICIOUS_MOVE = YES;
				CLANG_WARN_UNGUARDED_AVAILABILITY = YES_AGGRESSIVE;
				CLANG_WARN_UNREACHABLE_CODE = YES;
				CLANG_WARN__DUPLICATE_METHOD_MATCH = YES;
				COPY_PHASE_STRIP = NO;
				DEBUG_INFORMATION_FORMAT = "dwarf-with-dsym";
				ENABLE_NS_ASSERTIONS = NO;
				ENABLE_STRICT_OBJC_MSGSEND = YES;
				ENABLE_USER_SCRIPT_SANDBOXING = YES;
				GCC_C_LANGUAGE_STANDARD = gnu17;
				GCC_NO_COMMON_BLOCKS = YES;
				GCC_WARN_64_TO_32_BIT_CONVERSION = YES;
				GCC_WARN_ABOUT_RETURN_TYPE = YES_ERROR;
				GCC_WARN_UNDECLARED_SELECTOR = YES;
				GCC_WARN_UNINITIALIZED_AUTOS = YES_AGGRESSIVE;
				GCC_WARN_UNUSED_FUNCTION = YES;
				GCC_WARN_UNUSED_VARIABLE = YES;
				LOCALIZATION_PREFERS_STRING_CATALOGS = YES;
				MACOSX_DEPLOYMENT_TARGET = 14.4;
				MTL_ENABLE_DEBUG_INFO = NO;
				MTL_FAST_MATH = YES;
				SDKROOT = macosx;
				SWIFT_COMPILATION_MODE = wholemodule;
			};
			name = Release;
		};
		8B92221B2D0BF5CA0035D1E7 /* Debug */ = {
			isa = XCBuildConfiguration;
			buildSettings = {
				CODE_SIGN_STYLE = Automatic;
				PRODUCT_NAME = "$(TARGET_NAME)";
				SWIFT_VERSION = 5.0;
			};
			name = Debug;
		};
		8B92221C2D0BF5CA0035D1E7 /* Release */ = {
			isa = XCBuildConfiguration;
			buildSettings = {
				CODE_SIGN_STYLE = Automatic;
				PRODUCT_NAME = "$(TARGET_NAME)";
				SWIFT_VERSION = 5.0;
			};
			name = Release;
		};
/* End XCBuildConfiguration section */

/* Begin XCConfigurationList section */
		8B92220E2D0BF5CA0035D1E7 /* Build configuration list for PBXProject "Study" */ = {
			isa = XCConfigurationList;
			buildConfigurations = (
				8B9222182D0BF5CA0035D1E7 /* Debug */,
				8B9222192D0BF5CA0035D1E7 /* Release */,
			);
			defaultConfigurationIsVisible = 0;
			defaultConfigurationName = Release;
		};
		8B92221A2D0BF5CA0035D1E7 /* Build configuration list for PBXNativeTarget "Study" */ = {
			isa = XCConfigurationList;
			buildConfigurations = (
				8B92221B2D0BF5CA0035D1E7 /* Debug */,
				8B92221C2D0BF5CA0035D1E7 /* Release */,
			);
			defaultConfigurationIsVisible = 0;
			defaultConfigurationName = Release;
		};
/* End XCConfigurationList section */
	};
	rootObject = 8B92220B2D0BF5CA0035D1E7 /* Project object */;
}
